
Microsoft Visual Studio Solution File, Format Version 12.00
# Visual Studio Version 17
VisualStudioVersion = 17.7.34031.279
MinimumVisualStudioVersion = 10.0.40219.1
Project("{2150E333-8FDC-42A3-9474-1A3956D46DE8}") = "src", "src", "{77EA3D3A-208E-4F3D-A9F2-D91A1B084328}"
EndProject
Project("{9A19103F-16F7-4668-BE54-9A1E7A4F7556}") = "Domain", "Domain\Domain.csproj", "{C2C2F128-903C-4484-A782-77AF406D81B4}"
EndProject
Project("{9A19103F-16F7-4668-BE54-9A1E7A4F7556}") = "Application", "Application\Application.csproj", "{A9B1D3FC-980C-473C-81D2-AF132504519A}"
EndProject
Project("{FAE04EC0-301F-11D3-BF4B-00C04F79EFBC}") = "Infrastructure", "Infrastructure\Infrastructure.csproj", "{90452F0B-6F78-4F3C-9037-C97D3C9A55D1}"
EndProject
Project("{FAE04EC0-301F-11D3-BF4B-00C04F79EFBC}") = "Presentation", "Presentation\Presentation.csproj", "{DA7FA973-EA7E-4C4D-9B24-991B073EFE97}"
EndProject
Project("{FAE04EC0-301F-11D3-BF4B-00C04F79EFBC}") = "WebApi", "WebApi\WebApi.csproj", "{2E21B9C5-4E6A-4A04-B129-E30A5D815CF5}"
EndProject
Global
	GlobalSection(SolutionConfigurationPlatforms) = preSolution
		Debug|Any CPU = Debug|Any CPU
		Release|Any CPU = Release|Any CPU
	EndGlobalSection
	GlobalSection(ProjectConfigurationPlatforms) = postSolution
		{C2C2F128-903C-4484-A782-77AF406D81B4}.Debug|Any CPU.ActiveCfg = Debug|Any CPU
		{C2C2F128-903C-4484-A782-77AF406D81B4}.Debug|Any CPU.Build.0 = Debug|Any CPU
		{C2C2F128-903C-4484-A782-77AF406D81B4}.Release|Any CPU.ActiveCfg = Release|Any CPU
		{C2C2F128-903C-4484-A782-77AF406D81B4}.Release|Any CPU.Build.0 = Release|Any CPU
		{A9B1D3FC-980C-473C-81D2-AF132504519A}.Debug|Any CPU.ActiveCfg = Debug|Any CPU
		{A9B1D3FC-980C-473C-81D2-AF132504519A}.Debug|Any CPU.Build.0 = Debug|Any CPU
		{A9B1D3FC-980C-473C-81D2-AF132504519A}.Release|Any CPU.ActiveCfg = Release|Any CPU
		{A9B1D3FC-980C-473C-81D2-AF132504519A}.Release|Any CPU.Build.0 = Release|Any CPU
		{90452F0B-6F78-4F3C-9037-C97D3C9A55D1}.Debug|Any CPU.ActiveCfg = Debug|Any CPU
		{90452F0B-6F78-4F3C-9037-C97D3C9A55D1}.Debug|Any CPU.Build.0 = Debug|Any CPU
		{90452F0B-6F78-4F3C-9037-C97D3C9A55D1}.Release|Any CPU.ActiveCfg = Release|Any CPU
		{90452F0B-6F78-4F3C-9037-C97D3C9A55D1}.Release|Any CPU.Build.0 = Release|Any CPU
		{DA7FA973-EA7E-4C4D-9B24-991B073EFE97}.Debug|Any CPU.ActiveCfg = Debug|Any CPU
		{DA7FA973-EA7E-4C4D-9B24-991B073EFE97}.Debug|Any CPU.Build.0 = Debug|Any CPU
		{DA7FA973-EA7E-4C4D-9B24-991B073EFE97}.Release|Any CPU.ActiveCfg = Release|Any CPU
		{DA7FA973-EA7E-4C4D-9B24-991B073EFE97}.Release|Any CPU.Build.0 = Release|Any CPU
		{2E21B9C5-4E6A-4A04-B129-E30A5D815CF5}.Debug|Any CPU.ActiveCfg = Debug|Any CPU
		{2E21B9C5-4E6A-4A04-B129-E30A5D815CF5}.Debug|Any CPU.Build.0 = Debug|Any CPU
		{2E21B9C5-4E6A-4A04-B129-E30A5D815CF5}.Release|Any CPU.ActiveCfg = Release|Any CPU
		{2E21B9C5-4E6A-4A04-B129-E30A5D815CF5}.Release|Any CPU.Build.0 = Release|Any CPU
	EndGlobalSection
	GlobalSection(SolutionProperties) = preSolution
		HideSolutionNode = FALSE
	EndGlobalSection
	GlobalSection(NestedProjects) = preSolution
		{C2C2F128-903C-4484-A782-77AF406D81B4} = {77EA3D3A-208E-4F3D-A9F2-D91A1B084328}
		{A9B1D3FC-980C-473C-81D2-AF132504519A} = {77EA3D3A-208E-4F3D-A9F2-D91A1B084328}
		{90452F0B-6F78-4F3C-9037-C97D3C9A55D1} = {77EA3D3A-208E-4F3D-A9F2-D91A1B084328}
		{DA7FA973-EA7E-4C4D-9B24-991B073EFE97} = {77EA3D3A-208E-4F3D-A9F2-D91A1B084328}
		{2E21B9C5-4E6A-4A04-B129-E30A5D815CF5} = {77EA3D3A-208E-4F3D-A9F2-D91A1B084328}
	EndGlobalSection
	GlobalSection(ExtensibilityGlobals) = postSolution
		SolutionGuid = {3AA26F3F-33BE-4A25-A1F4-F700E344C6C6}
	EndGlobalSection
EndGlobal
